// !$*UTF8*$!
{
	archiveVersion = 1;
	classes = {
	};
	objectVersion = 46;
	objects = {

/* Begin PBXBuildFile section */
		C2AE54A818D75B22008F9F2D /* Foundation.framework in Frameworks */ = {isa = PBXBuildFile; fileRef = C2AE54A718D75B22008F9F2D /* Foundation.framework */; };
		C2AE54AA18D75B22008F9F2D /* CoreGraphics.framework in Frameworks */ = {isa = PBXBuildFile; fileRef = C2AE54A918D75B22008F9F2D /* CoreGraphics.framework */; };
		C2AE54AC18D75B22008F9F2D /* UIKit.framework in Frameworks */ = {isa = PBXBuildFile; fileRef = C2AE54AB18D75B22008F9F2D /* UIKit.framework */; };
		C2AE54B218D75B22008F9F2D /* InfoPlist.strings in Resources */ = {isa = PBXBuildFile; fileRef = C2AE54B018D75B22008F9F2D /* InfoPlist.strings */; };
		C2AE54B418D75B22008F9F2D /* main.m in Sources */ = {isa = PBXBuildFile; fileRef = C2AE54B318D75B22008F9F2D /* main.m */; };
		C2AE54B818D75B22008F9F2D /* AppDelegate.m in Sources */ = {isa = PBXBuildFile; fileRef = C2AE54B718D75B22008F9F2D /* AppDelegate.m */; };
		C2AE54BB18D75B22008F9F2D /* Main_iPhone.storyboard in Resources */ = {isa = PBXBuildFile; fileRef = C2AE54B918D75B22008F9F2D /* Main_iPhone.storyboard */; };
		C2AE54BE18D75B22008F9F2D /* Main_iPad.storyboard in Resources */ = {isa = PBXBuildFile; fileRef = C2AE54BC18D75B22008F9F2D /* Main_iPad.storyboard */; };
		C2AE54C118D75B22008F9F2D /* FirstViewController.m in Sources */ = {isa = PBXBuildFile; fileRef = C2AE54C018D75B22008F9F2D /* FirstViewController.m */; };
		C2AE54C418D75B22008F9F2D /* SecondViewController.m in Sources */ = {isa = PBXBuildFile; fileRef = C2AE54C318D75B22008F9F2D /* SecondViewController.m */; };
		C2AE54C618D75B22008F9F2D /* Images.xcassets in Resources */ = {isa = PBXBuildFile; fileRef = C2AE54C518D75B22008F9F2D /* Images.xcassets */; };
		C2AE54CD18D75B22008F9F2D /* XCTest.framework in Frameworks */ = {isa = PBXBuildFile; fileRef = C2AE54CC18D75B22008F9F2D /* XCTest.framework */; };
		C2AE54CE18D75B22008F9F2D /* Foundation.framework in Frameworks */ = {isa = PBXBuildFile; fileRef = C2AE54A718D75B22008F9F2D /* Foundation.framework */; };
		C2AE54CF18D75B22008F9F2D /* UIKit.framework in Frameworks */ = {isa = PBXBuildFile; fileRef = C2AE54AB18D75B22008F9F2D /* UIKit.framework */; };
		C2AE54D718D75B22008F9F2D /* InfoPlist.strings in Resources */ = {isa = PBXBuildFile; fileRef = C2AE54D518D75B22008F9F2D /* InfoPlist.strings */; };
		C2AE54D918D75B22008F9F2D /* CHURPTests.m in Sources */ = {isa = PBXBuildFile; fileRef = C2AE54D818D75B22008F9F2D /* CHURPTests.m */; };
/* End PBXBuildFile section */

/* Begin PBXContainerItemProxy section */
		C2AE54D018D75B22008F9F2D /* PBXContainerItemProxy */ = {
			isa = PBXContainerItemProxy;
			containerPortal = C2AE549C18D75B22008F9F2D /* Project object */;
			proxyType = 1;
			remoteGlobalIDString = C2AE54A318D75B22008F9F2D;
			remoteInfo = CHURP;
		};
/* End PBXContainerItemProxy section */

/* Begin PBXFileReference section */
		C2AE54A418D75B22008F9F2D /* CHURP.app */ = {isa = PBXFileReference; explicitFileType = wrapper.application; includeInIndex = 0; path = CHURP.app; sourceTree = BUILT_PRODUCTS_DIR; };
		C2AE54A718D75B22008F9F2D /* Foundation.framework */ = {isa = PBXFileReference; lastKnownFileType = wrapper.framework; name = Foundation.framework; path = System/Library/Frameworks/Foundation.framework; sourceTree = SDKROOT; };
		C2AE54A918D75B22008F9F2D /* CoreGraphics.framework */ = {isa = PBXFileReference; lastKnownFileType = wrapper.framework; name = CoreGraphics.framework; path = System/Library/Frameworks/CoreGraphics.framework; sourceTree = SDKROOT; };
		C2AE54AB18D75B22008F9F2D /* UIKit.framework */ = {isa = PBXFileReference; lastKnownFileType = wrapper.framework; name = UIKit.framework; path = System/Library/Frameworks/UIKit.framework; sourceTree = SDKROOT; };
		C2AE54AF18D75B22008F9F2D /* CHURP-Info.plist */ = {isa = PBXFileReference; lastKnownFileType = text.plist.xml; path = "CHURP-Info.plist"; sourceTree = "<group>"; };
		C2AE54B118D75B22008F9F2D /* en */ = {isa = PBXFileReference; lastKnownFileType = text.plist.strings; name = en; path = en.lproj/InfoPlist.strings; sourceTree = "<group>"; };
		C2AE54B318D75B22008F9F2D /* main.m */ = {isa = PBXFileReference; lastKnownFileType = sourcecode.c.objc; path = main.m; sourceTree = "<group>"; };
		C2AE54B518D75B22008F9F2D /* CHURP-Prefix.pch */ = {isa = PBXFileReference; lastKnownFileType = sourcecode.c.h; path = "CHURP-Prefix.pch"; sourceTree = "<group>"; };
		C2AE54B618D75B22008F9F2D /* AppDelegate.h */ = {isa = PBXFileReference; lastKnownFileType = sourcecode.c.h; path = AppDelegate.h; sourceTree = "<group>"; };
		C2AE54B718D75B22008F9F2D /* AppDelegate.m */ = {isa = PBXFileReference; lastKnownFileType = sourcecode.c.objc; path = AppDelegate.m; sourceTree = "<group>"; };
		C2AE54BA18D75B22008F9F2D /* Base */ = {isa = PBXFileReference; lastKnownFileType = file.storyboard; name = Base; path = Base.lproj/Main_iPhone.storyboard; sourceTree = "<group>"; };
		C2AE54BD18D75B22008F9F2D /* Base */ = {isa = PBXFileReference; lastKnownFileType = file.storyboard; name = Base; path = Base.lproj/Main_iPad.storyboard; sourceTree = "<group>"; };
		C2AE54BF18D75B22008F9F2D /* FirstViewController.h */ = {isa = PBXFileReference; lastKnownFileType = sourcecode.c.h; path = FirstViewController.h; sourceTree = "<group>"; };
		C2AE54C018D75B22008F9F2D /* FirstViewController.m */ = {isa = PBXFileReference; lastKnownFileType = sourcecode.c.objc; path = FirstViewController.m; sourceTree = "<group>"; };
		C2AE54C218D75B22008F9F2D /* SecondViewController.h */ = {isa = PBXFileReference; lastKnownFileType = sourcecode.c.h; path = SecondViewController.h; sourceTree = "<group>"; };
		C2AE54C318D75B22008F9F2D /* SecondViewController.m */ = {isa = PBXFileReference; lastKnownFileType = sourcecode.c.objc; path = SecondViewController.m; sourceTree = "<group>"; };
		C2AE54C518D75B22008F9F2D /* Images.xcassets */ = {isa = PBXFileReference; lastKnownFileType = folder.assetcatalog; path = Images.xcassets; sourceTree = "<group>"; };
		C2AE54CB18D75B22008F9F2D /* CHURPTests.xctest */ = {isa = PBXFileReference; explicitFileType = wrapper.cfbundle; includeInIndex = 0; path = CHURPTests.xctest; sourceTree = BUILT_PRODUCTS_DIR; };
		C2AE54CC18D75B22008F9F2D /* XCTest.framework */ = {isa = PBXFileReference; lastKnownFileType = wrapper.framework; name = XCTest.framework; path = Library/Frameworks/XCTest.framework; sourceTree = DEVELOPER_DIR; };
		C2AE54D418D75B22008F9F2D /* CHURPTests-Info.plist */ = {isa = PBXFileReference; lastKnownFileType = text.plist.xml; path = "CHURPTests-Info.plist"; sourceTree = "<group>"; };
		C2AE54D618D75B22008F9F2D /* en */ = {isa = PBXFileReference; lastKnownFileType = text.plist.strings; name = en; path = en.lproj/InfoPlist.strings; sourceTree = "<group>"; };
		C2AE54D818D75B22008F9F2D /* CHURPTests.m */ = {isa = PBXFileReference; lastKnownFileType = sourcecode.c.objc; path = CHURPTests.m; sourceTree = "<group>"; };
/* End PBXFileReference section */

/* Begin PBXFrameworksBuildPhase section */
		C2AE54A118D75B22008F9F2D /* Frameworks */ = {
			isa = PBXFrameworksBuildPhase;
			buildActionMask = 2147483647;
			files = (
				C2AE54AA18D75B22008F9F2D /* CoreGraphics.framework in Frameworks */,
				C2AE54AC18D75B22008F9F2D /* UIKit.framework in Frameworks */,
				C2AE54A818D75B22008F9F2D /* Foundation.framework in Frameworks */,
			);
			runOnlyForDeploymentPostprocessing = 0;
		};
		C2AE54C818D75B22008F9F2D /* Frameworks */ = {
			isa = PBXFrameworksBuildPhase;
			buildActionMask = 2147483647;
			files = (
				C2AE54CD18D75B22008F9F2D /* XCTest.framework in Frameworks */,
				C2AE54CF18D75B22008F9F2D /* UIKit.framework in Frameworks */,
				C2AE54CE18D75B22008F9F2D /* Foundation.framework in Frameworks */,
			);
			runOnlyForDeploymentPostprocessing = 0;
		};
/* End PBXFrameworksBuildPhase section */

/* Begin PBXGroup section */
		C2AE549B18D75B22008F9F2D = {
			isa = PBXGroup;
			children = (
				C2AE54AD18D75B22008F9F2D /* CHURP */,
				C2AE54D218D75B22008F9F2D /* CHURPTests */,
				C2AE54A618D75B22008F9F2D /* Frameworks */,
				C2AE54A518D75B22008F9F2D /* Products */,
			);
			sourceTree = "<group>";
		};
		C2AE54A518D75B22008F9F2D /* Products */ = {
			isa = PBXGroup;
			children = (
				C2AE54A418D75B22008F9F2D /* CHURP.app */,
				C2AE54CB18D75B22008F9F2D /* CHURPTests.xctest */,
			);
			name = Products;
			sourceTree = "<group>";
		};
		C2AE54A618D75B22008F9F2D /* Frameworks */ = {
			isa = PBXGroup;
			children = (
				C2AE54A718D75B22008F9F2D /* Foundation.framework */,
				C2AE54A918D75B22008F9F2D /* CoreGraphics.framework */,
				C2AE54AB18D75B22008F9F2D /* UIKit.framework */,
				C2AE54CC18D75B22008F9F2D /* XCTest.framework */,
			);
			name = Frameworks;
			sourceTree = "<group>";
		};
		C2AE54AD18D75B22008F9F2D /* CHURP */ = {
			isa = PBXGroup;
			children = (
				C2AE54B618D75B22008F9F2D /* AppDelegate.h */,
				C2AE54B718D75B22008F9F2D /* AppDelegate.m */,
				C2AE54B918D75B22008F9F2D /* Main_iPhone.storyboard */,
				C2AE54BC18D75B22008F9F2D /* Main_iPad.storyboard */,
				C2AE54BF18D75B22008F9F2D /* FirstViewController.h */,
				C2AE54C018D75B22008F9F2D /* FirstViewController.m */,
				C2AE54C218D75B22008F9F2D /* SecondViewController.h */,
				C2AE54C318D75B22008F9F2D /* SecondViewController.m */,
				C2AE54C518D75B22008F9F2D /* Images.xcassets */,
				C2AE54AE18D75B22008F9F2D /* Supporting Files */,
			);
			path = CHURP;
			sourceTree = "<group>";
		};
		C2AE54AE18D75B22008F9F2D /* Supporting Files */ = {
			isa = PBXGroup;
			children = (
				C2AE54AF18D75B22008F9F2D /* CHURP-Info.plist */,
				C2AE54B018D75B22008F9F2D /* InfoPlist.strings */,
				C2AE54B318D75B22008F9F2D /* main.m */,
				C2AE54B518D75B22008F9F2D /* CHURP-Prefix.pch */,
			);
			name = "Supporting Files";
			sourceTree = "<group>";
		};
		C2AE54D218D75B22008F9F2D /* CHURPTests */ = {
			isa = PBXGroup;
			children = (
				C2AE54D818D75B22008F9F2D /* CHURPTests.m */,
				C2AE54D318D75B22008F9F2D /* Supporting Files */,
			);
			path = CHURPTests;
			sourceTree = "<group>";
		};
		C2AE54D318D75B22008F9F2D /* Supporting Files */ = {
			isa = PBXGroup;
			children = (
				C2AE54D418D75B22008F9F2D /* CHURPTests-Info.plist */,
				C2AE54D518D75B22008F9F2D /* InfoPlist.strings */,
			);
			name = "Supporting Files";
			sourceTree = "<group>";
		};
/* End PBXGroup section */

/* Begin PBXNativeTarget section */
		C2AE54A318D75B22008F9F2D /* CHURP */ = {
			isa = PBXNativeTarget;
			buildConfigurationList = C2AE54DC18D75B22008F9F2D /* Build configuration list for PBXNativeTarget "CHURP" */;
			buildPhases = (
				C2AE54A018D75B22008F9F2D /* Sources */,
				C2AE54A118D75B22008F9F2D /* Frameworks */,
				C2AE54A218D75B22008F9F2D /* Resources */,
			);
			buildRules = (
			);
			dependencies = (
			);
			name = CHURP;
			productName = CHURP;
			productReference = C2AE54A418D75B22008F9F2D /* CHURP.app */;
			productType = "com.apple.product-type.application";
		};
		C2AE54CA18D75B22008F9F2D /* CHURPTests */ = {
			isa = PBXNativeTarget;
			buildConfigurationList = C2AE54DF18D75B22008F9F2D /* Build configuration list for PBXNativeTarget "CHURPTests" */;
			buildPhases = (
				C2AE54C718D75B22008F9F2D /* Sources */,
				C2AE54C818D75B22008F9F2D /* Frameworks */,
				C2AE54C918D75B22008F9F2D /* Resources */,
			);
			buildRules = (
			);
			dependencies = (
				C2AE54D118D75B22008F9F2D /* PBXTargetDependency */,
			);
			name = CHURPTests;
			productName = CHURPTests;
			productReference = C2AE54CB18D75B22008F9F2D /* CHURPTests.xctest */;
			productType = "com.apple.product-type.bundle.unit-test";
		};
/* End PBXNativeTarget section */

/* Begin PBXProject section */
		C2AE549C18D75B22008F9F2D /* Project object */ = {
			isa = PBXProject;
			attributes = {
				LastUpgradeCheck = 0510;
				ORGANIZATIONNAME = "Whitworth University Software Engineering";
				TargetAttributes = {
					C2AE54CA18D75B22008F9F2D = {
						TestTargetID = C2AE54A318D75B22008F9F2D;
					};
				};
			};
			buildConfigurationList = C2AE549F18D75B22008F9F2D /* Build configuration list for PBXProject "CHURP" */;
			compatibilityVersion = "Xcode 3.2";
			developmentRegion = English;
			hasScannedForEncodings = 0;
			knownRegions = (
				en,
				Base,
			);
			mainGroup = C2AE549B18D75B22008F9F2D;
			productRefGroup = C2AE54A518D75B22008F9F2D /* Products */;
			projectDirPath = "";
			projectRoot = "";
			targets = (
				C2AE54A318D75B22008F9F2D /* CHURP */,
				C2AE54CA18D75B22008F9F2D /* CHURPTests */,
			);
		};
/* End PBXProject section */

/* Begin PBXResourcesBuildPhase section */
		C2AE54A218D75B22008F9F2D /* Resources */ = {
			isa = PBXResourcesBuildPhase;
			buildActionMask = 2147483647;
			files = (
				C2AE54BE18D75B22008F9F2D /* Main_iPad.storyboard in Resources */,
				C2AE54C618D75B22008F9F2D /* Images.xcassets in Resources */,
				C2AE54BB18D75B22008F9F2D /* Main_iPhone.storyboard in Resources */,
				C2AE54B218D75B22008F9F2D /* InfoPlist.strings in Resources */,
			);
			runOnlyForDeploymentPostprocessing = 0;
		};
		C2AE54C918D75B22008F9F2D /* Resources */ = {
			isa = PBXResourcesBuildPhase;
			buildActionMask = 2147483647;
			files = (
				C2AE54D718D75B22008F9F2D /* InfoPlist.strings in Resources */,
			);
			runOnlyForDeploymentPostprocessing = 0;
		};
/* End PBXResourcesBuildPhase section */

/* Begin PBXSourcesBuildPhase section */
		C2AE54A018D75B22008F9F2D /* Sources */ = {
			isa = PBXSourcesBuildPhase;
			buildActionMask = 2147483647;
			files = (
				C2AE54C418D75B22008F9F2D /* SecondViewController.m in Sources */,
				C2AE54B818D75B22008F9F2D /* AppDelegate.m in Sources */,
				C2AE54C118D75B22008F9F2D /* FirstViewController.m in Sources */,
				C2AE54B418D75B22008F9F2D /* main.m in Sources */,
			);
			runOnlyForDeploymentPostprocessing = 0;
		};
		C2AE54C718D75B22008F9F2D /* Sources */ = {
			isa = PBXSourcesBuildPhase;
			buildActionMask = 2147483647;
			files = (
				C2AE54D918D75B22008F9F2D /* CHURPTests.m in Sources */,
			);
			runOnlyForDeploymentPostprocessing = 0;
		};
/* End PBXSourcesBuildPhase section */

/* Begin PBXTargetDependency section */
		C2AE54D118D75B22008F9F2D /* PBXTargetDependency */ = {
			isa = PBXTargetDependency;
			target = C2AE54A318D75B22008F9F2D /* CHURP */;
			targetProxy = C2AE54D018D75B22008F9F2D /* PBXContainerItemProxy */;
		};
/* End PBXTargetDependency section */

/* Begin PBXVariantGroup section */
		C2AE54B018D75B22008F9F2D /* InfoPlist.strings */ = {
			isa = PBXVariantGroup;
			children = (
				C2AE54B118D75B22008F9F2D /* en */,
			);
			name = InfoPlist.strings;
			sourceTree = "<group>";
		};
		C2AE54B918D75B22008F9F2D /* Main_iPhone.storyboard */ = {
			isa = PBXVariantGroup;
			children = (
				C2AE54BA18D75B22008F9F2D /* Base */,
			);
			name = Main_iPhone.storyboard;
			sourceTree = "<group>";
		};
		C2AE54BC18D75B22008F9F2D /* Main_iPad.storyboard */ = {
			isa = PBXVariantGroup;
			children = (
				C2AE54BD18D75B22008F9F2D /* Base */,
			);
			name = Main_iPad.storyboard;
			sourceTree = "<group>";
		};
		C2AE54D518D75B22008F9F2D /* InfoPlist.strings */ = {
			isa = PBXVariantGroup;
			children = (
				C2AE54D618D75B22008F9F2D /* en */,
			);
			name = InfoPlist.strings;
			sourceTree = "<group>";
		};
/* End PBXVariantGroup section */

/* Begin XCBuildConfiguration section */
		C2AE54DA18D75B22008F9F2D /* Debug */ = {
			isa = XCBuildConfiguration;
			buildSettings = {
				ALWAYS_SEARCH_USER_PATHS = NO;
				CLANG_CXX_LANGUAGE_STANDARD = "gnu++0x";
				CLANG_CXX_LIBRARY = "libc++";
				CLANG_ENABLE_MODULES = YES;
				CLANG_ENABLE_OBJC_ARC = YES;
				CLANG_WARN_BOOL_CONVERSION = YES;
				CLANG_WARN_CONSTANT_CONVERSION = YES;
				CLANG_WARN_DIRECT_OBJC_ISA_USAGE = YES_ERROR;
				CLANG_WARN_EMPTY_BODY = YES;
				CLANG_WARN_ENUM_CONVERSION = YES;
				CLANG_WARN_INT_CONVERSION = YES;
				CLANG_WARN_OBJC_ROOT_CLASS = YES_ERROR;
				CLANG_WARN__DUPLICATE_METHOD_MATCH = YES;
				"CODE_SIGN_IDENTITY[sdk=iphoneos*]" = "iPhone Developer";
				COPY_PHASE_STRIP = NO;
				GCC_C_LANGUAGE_STANDARD = gnu99;
				GCC_DYNAMIC_NO_PIC = NO;
				GCC_OPTIMIZATION_LEVEL = 0;
				GCC_PREPROCESSOR_DEFINITIONS = (
					"DEBUG=1",
					"$(inherited)",
				);
				GCC_SYMBOLS_PRIVATE_EXTERN = NO;
				GCC_WARN_64_TO_32_BIT_CONVERSION = YES;
				GCC_WARN_ABOUT_RETURN_TYPE = YES_ERROR;
				GCC_WARN_UNDECLARED_SELECTOR = YES;
				GCC_WARN_UNINITIALIZED_AUTOS = YES_AGGRESSIVE;
				GCC_WARN_UNUSED_FUNCTION = YES;
				GCC_WARN_UNUSED_VARIABLE = YES;
				IPHONEOS_DEPLOYMENT_TARGET = 7.1;
				ONLY_ACTIVE_ARCH = YES;
				SDKROOT = iphoneos;
				TARGETED_DEVICE_FAMILY = "1,2";
			};
			name = Debug;
		};
		C2AE54DB18D75B22008F9F2D /* Release */ = {
			isa = XCBuildConfiguration;
			buildSettings = {
				ALWAYS_SEARCH_USER_PATHS = NO;
				CLANG_CXX_LANGUAGE_STANDARD = "gnu++0x";
				CLANG_CXX_LIBRARY = "libc++";
				CLANG_ENABLE_MODULES = YES;
				CLANG_ENABLE_OBJC_ARC = YES;
				CLANG_WARN_BOOL_CONVERSION = YES;
				CLANG_WARN_CONSTANT_CONVERSION = YES;
				CLANG_WARN_DIRECT_OBJC_ISA_USAGE = YES_ERROR;
				CLANG_WARN_EMPTY_BODY = YES;
				CLANG_WARN_ENUM_CONVERSION = YES;
				CLANG_WARN_INT_CONVERSION = YES;
				CLANG_WARN_OBJC_ROOT_CLASS = YES_ERROR;
				CLANG_WARN__DUPLICATE_METHOD_MATCH = YES;
				"CODE_SIGN_IDENTITY[sdk=iphoneos*]" = "iPhone Developer";
				COPY_PHASE_STRIP = YES;
				ENABLE_NS_ASSERTIONS = NO;
				GCC_C_LANGUAGE_STANDARD = gnu99;
				GCC_WARN_64_TO_32_BIT_CONVERSION = YES;
				GCC_WARN_ABOUT_RETURN_TYPE = YES_ERROR;
				GCC_WARN_UNDECLARED_SELECTOR = YES;
				GCC_WARN_UNINITIALIZED_AUTOS = YES_AGGRESSIVE;
				GCC_WARN_UNUSED_FUNCTION = YES;
				GCC_WARN_UNUSED_VARIABLE = YES;
				IPHONEOS_DEPLOYMENT_TARGET = 7.1;
				SDKROOT = iphoneos;
				TARGETED_DEVICE_FAMILY = "1,2";
				VALIDATE_PRODUCT = YES;
			};
			name = Release;
		};
		C2AE54DD18D75B22008F9F2D /* Debug */ = {
			isa = XCBuildConfiguration;
			buildSettings = {
				ASSETCATALOG_COMPILER_APPICON_NAME = AppIcon;
				ASSETCATALOG_COMPILER_LAUNCHIMAGE_NAME = LaunchImage;
				GCC_PRECOMPILE_PREFIX_HEADER = YES;
				GCC_PREFIX_HEADER = "CHURP/CHURP-Prefix.pch";
				INFOPLIST_FILE = "CHURP/CHURP-Info.plist";
				PRODUCT_NAME = "$(TARGET_NAME)";
				WRAPPER_EXTENSION = app;
			};
			name = Debug;
		};
		C2AE54DE18D75B22008F9F2D /* Release */ = {
			isa = XCBuildConfiguration;
			buildSettings = {
				ASSETCATALOG_COMPILER_APPICON_NAME = AppIcon;
				ASSETCATALOG_COMPILER_LAUNCHIMAGE_NAME = LaunchImage;
				GCC_PRECOMPILE_PREFIX_HEADER = YES;
				GCC_PREFIX_HEADER = "CHURP/CHURP-Prefix.pch";
				INFOPLIST_FILE = "CHURP/CHURP-Info.plist";
				PRODUCT_NAME = "$(TARGET_NAME)";
				WRAPPER_EXTENSION = app;
			};
			name = Release;
		};
		C2AE54E018D75B22008F9F2D /* Debug */ = {
			isa = XCBuildConfiguration;
			buildSettings = {
				BUNDLE_LOADER = "$(BUILT_PRODUCTS_DIR)/CHURP.app/CHURP";
				FRAMEWORK_SEARCH_PATHS = (
					"$(SDKROOT)/Developer/Library/Frameworks",
					"$(inherited)",
					"$(DEVELOPER_FRAMEWORKS_DIR)",
				);
				GCC_PRECOMPILE_PREFIX_HEADER = YES;
				GCC_PREFIX_HEADER = "CHURP/CHURP-Prefix.pch";
				GCC_PREPROCESSOR_DEFINITIONS = (
					"DEBUG=1",
					"$(inherited)",
				);
				INFOPLIST_FILE = "CHURPTests/CHURPTests-Info.plist";
				PRODUCT_NAME = "$(TARGET_NAME)";
				TEST_HOST = "$(BUNDLE_LOADER)";
				WRAPPER_EXTENSION = xctest;
			};
			name = Debug;
		};
		C2AE54E118D75B22008F9F2D /* Release */ = {
			isa = XCBuildConfiguration;
			buildSettings = {
				BUNDLE_LOADER = "$(BUILT_PRODUCTS_DIR)/CHURP.app/CHURP";
				FRAMEWORK_SEARCH_PATHS = (
					"$(SDKROOT)/Developer/Library/Frameworks",
					"$(inherited)",
					"$(DEVELOPER_FRAMEWORKS_DIR)",
				);
				GCC_PRECOMPILE_PREFIX_HEADER = YES;
				GCC_PREFIX_HEADER = "CHURP/CHURP-Prefix.pch";
				INFOPLIST_FILE = "CHURPTests/CHURPTests-Info.plist";
				PRODUCT_NAME = "$(TARGET_NAME)";
				TEST_HOST = "$(BUNDLE_LOADER)";
				WRAPPER_EXTENSION = xctest;
			};
			name = Release;
		};
/* End XCBuildConfiguration section */

/* Begin XCConfigurationList section */
		C2AE549F18D75B22008F9F2D /* Build configuration list for PBXProject "CHURP" */ = {
			isa = XCConfigurationList;
			buildConfigurations = (
				C2AE54DA18D75B22008F9F2D /* Debug */,
				C2AE54DB18D75B22008F9F2D /* Release */,
			);
			defaultConfigurationIsVisible = 0;
			defaultConfigurationName = Release;
		};
		C2AE54DC18D75B22008F9F2D /* Build configuration list for PBXNativeTarget "CHURP" */ = {
			isa = XCConfigurationList;
			buildConfigurations = (
				C2AE54DD18D75B22008F9F2D /* Debug */,
				C2AE54DE18D75B22008F9F2D /* Release */,
			);
			defaultConfigurationIsVisible = 0;
		};
		C2AE54DF18D75B22008F9F2D /* Build configuration list for PBXNativeTarget "CHURPTests" */ = {
			isa = XCConfigurationList;
			buildConfigurations = (
				C2AE54E018D75B22008F9F2D /* Debug */,
				C2AE54E118D75B22008F9F2D /* Release */,
			);
			defaultConfigurationIsVisible = 0;
		};
/* End XCConfigurationList section */
	};
	rootObject = C2AE549C18D75B22008F9F2D /* Project object */;
}
