// !$*UTF8*$!
{
	archiveVersion = 1;
	classes = {
	};
	objectVersion = 46;
	objects = {

/* Begin PBXBuildFile section */
		C2BE583218D7B53B003E0273 /* Foundation.framework in Frameworks */ = {isa = PBXBuildFile; fileRef = C2BE583118D7B53B003E0273 /* Foundation.framework */; };
		C2BE583418D7B53B003E0273 /* CoreGraphics.framework in Frameworks */ = {isa = PBXBuildFile; fileRef = C2BE583318D7B53B003E0273 /* CoreGraphics.framework */; };
		C2BE583618D7B53B003E0273 /* UIKit.framework in Frameworks */ = {isa = PBXBuildFile; fileRef = C2BE583518D7B53B003E0273 /* UIKit.framework */; };
		C2BE583C18D7B53B003E0273 /* InfoPlist.strings in Resources */ = {isa = PBXBuildFile; fileRef = C2BE583A18D7B53B003E0273 /* InfoPlist.strings */; };
		C2BE583E18D7B53B003E0273 /* main.m in Sources */ = {isa = PBXBuildFile; fileRef = C2BE583D18D7B53B003E0273 /* main.m */; };
		C2BE584218D7B53B003E0273 /* AppDelegate.m in Sources */ = {isa = PBXBuildFile; fileRef = C2BE584118D7B53B003E0273 /* AppDelegate.m */; };
		C2BE584518D7B53B003E0273 /* Main_iPhone.storyboard in Resources */ = {isa = PBXBuildFile; fileRef = C2BE584318D7B53B003E0273 /* Main_iPhone.storyboard */; };
		C2BE584818D7B53B003E0273 /* Main_iPad.storyboard in Resources */ = {isa = PBXBuildFile; fileRef = C2BE584618D7B53B003E0273 /* Main_iPad.storyboard */; };
		C2BE584B18D7B53B003E0273 /* FirstViewController.m in Sources */ = {isa = PBXBuildFile; fileRef = C2BE584A18D7B53B003E0273 /* FirstViewController.m */; };
		C2BE584E18D7B53B003E0273 /* SecondViewController.m in Sources */ = {isa = PBXBuildFile; fileRef = C2BE584D18D7B53B003E0273 /* SecondViewController.m */; };
		C2BE585018D7B53B003E0273 /* Images.xcassets in Resources */ = {isa = PBXBuildFile; fileRef = C2BE584F18D7B53B003E0273 /* Images.xcassets */; };
		C2BE585718D7B53B003E0273 /* XCTest.framework in Frameworks */ = {isa = PBXBuildFile; fileRef = C2BE585618D7B53B003E0273 /* XCTest.framework */; };
		C2BE585818D7B53B003E0273 /* Foundation.framework in Frameworks */ = {isa = PBXBuildFile; fileRef = C2BE583118D7B53B003E0273 /* Foundation.framework */; };
		C2BE585918D7B53B003E0273 /* UIKit.framework in Frameworks */ = {isa = PBXBuildFile; fileRef = C2BE583518D7B53B003E0273 /* UIKit.framework */; };
		C2BE586118D7B53B003E0273 /* InfoPlist.strings in Resources */ = {isa = PBXBuildFile; fileRef = C2BE585F18D7B53B003E0273 /* InfoPlist.strings */; };
		C2BE586318D7B53B003E0273 /* CHURPTests.m in Sources */ = {isa = PBXBuildFile; fileRef = C2BE586218D7B53B003E0273 /* CHURPTests.m */; };
/* End PBXBuildFile section */

/* Begin PBXContainerItemProxy section */
		C2BE585A18D7B53B003E0273 /* PBXContainerItemProxy */ = {
			isa = PBXContainerItemProxy;
			containerPortal = C2BE582618D7B53B003E0273 /* Project object */;
			proxyType = 1;
			remoteGlobalIDString = C2BE582D18D7B53B003E0273;
			remoteInfo = CHURP;
		};
/* End PBXContainerItemProxy section */

/* Begin PBXFileReference section */
		C2BE582E18D7B53B003E0273 /* CHURP.app */ = {isa = PBXFileReference; explicitFileType = wrapper.application; includeInIndex = 0; path = CHURP.app; sourceTree = BUILT_PRODUCTS_DIR; };
		C2BE583118D7B53B003E0273 /* Foundation.framework */ = {isa = PBXFileReference; lastKnownFileType = wrapper.framework; name = Foundation.framework; path = System/Library/Frameworks/Foundation.framework; sourceTree = SDKROOT; };
		C2BE583318D7B53B003E0273 /* CoreGraphics.framework */ = {isa = PBXFileReference; lastKnownFileType = wrapper.framework; name = CoreGraphics.framework; path = System/Library/Frameworks/CoreGraphics.framework; sourceTree = SDKROOT; };
		C2BE583518D7B53B003E0273 /* UIKit.framework */ = {isa = PBXFileReference; lastKnownFileType = wrapper.framework; name = UIKit.framework; path = System/Library/Frameworks/UIKit.framework; sourceTree = SDKROOT; };
		C2BE583918D7B53B003E0273 /* CHURP-Info.plist */ = {isa = PBXFileReference; lastKnownFileType = text.plist.xml; path = "CHURP-Info.plist"; sourceTree = "<group>"; };
		C2BE583B18D7B53B003E0273 /* en */ = {isa = PBXFileReference; lastKnownFileType = text.plist.strings; name = en; path = en.lproj/InfoPlist.strings; sourceTree = "<group>"; };
		C2BE583D18D7B53B003E0273 /* main.m */ = {isa = PBXFileReference; lastKnownFileType = sourcecode.c.objc; path = main.m; sourceTree = "<group>"; };
		C2BE583F18D7B53B003E0273 /* CHURP-Prefix.pch */ = {isa = PBXFileReference; lastKnownFileType = sourcecode.c.h; path = "CHURP-Prefix.pch"; sourceTree = "<group>"; };
		C2BE584018D7B53B003E0273 /* AppDelegate.h */ = {isa = PBXFileReference; lastKnownFileType = sourcecode.c.h; path = AppDelegate.h; sourceTree = "<group>"; };
		C2BE584118D7B53B003E0273 /* AppDelegate.m */ = {isa = PBXFileReference; lastKnownFileType = sourcecode.c.objc; path = AppDelegate.m; sourceTree = "<group>"; };
		C2BE584418D7B53B003E0273 /* Base */ = {isa = PBXFileReference; lastKnownFileType = file.storyboard; name = Base; path = Base.lproj/Main_iPhone.storyboard; sourceTree = "<group>"; };
		C2BE584718D7B53B003E0273 /* Base */ = {isa = PBXFileReference; lastKnownFileType = file.storyboard; name = Base; path = Base.lproj/Main_iPad.storyboard; sourceTree = "<group>"; };
		C2BE584918D7B53B003E0273 /* FirstViewController.h */ = {isa = PBXFileReference; lastKnownFileType = sourcecode.c.h; path = FirstViewController.h; sourceTree = "<group>"; };
		C2BE584A18D7B53B003E0273 /* FirstViewController.m */ = {isa = PBXFileReference; lastKnownFileType = sourcecode.c.objc; path = FirstViewController.m; sourceTree = "<group>"; };
		C2BE584C18D7B53B003E0273 /* SecondViewController.h */ = {isa = PBXFileReference; lastKnownFileType = sourcecode.c.h; path = SecondViewController.h; sourceTree = "<group>"; };
		C2BE584D18D7B53B003E0273 /* SecondViewController.m */ = {isa = PBXFileReference; lastKnownFileType = sourcecode.c.objc; path = SecondViewController.m; sourceTree = "<group>"; };
		C2BE584F18D7B53B003E0273 /* Images.xcassets */ = {isa = PBXFileReference; lastKnownFileType = folder.assetcatalog; path = Images.xcassets; sourceTree = "<group>"; };
		C2BE585518D7B53B003E0273 /* CHURPTests.xctest */ = {isa = PBXFileReference; explicitFileType = wrapper.cfbundle; includeInIndex = 0; path = CHURPTests.xctest; sourceTree = BUILT_PRODUCTS_DIR; };
		C2BE585618D7B53B003E0273 /* XCTest.framework */ = {isa = PBXFileReference; lastKnownFileType = wrapper.framework; name = XCTest.framework; path = Library/Frameworks/XCTest.framework; sourceTree = DEVELOPER_DIR; };
		C2BE585E18D7B53B003E0273 /* CHURPTests-Info.plist */ = {isa = PBXFileReference; lastKnownFileType = text.plist.xml; path = "CHURPTests-Info.plist"; sourceTree = "<group>"; };
		C2BE586018D7B53B003E0273 /* en */ = {isa = PBXFileReference; lastKnownFileType = text.plist.strings; name = en; path = en.lproj/InfoPlist.strings; sourceTree = "<group>"; };
		C2BE586218D7B53B003E0273 /* CHURPTests.m */ = {isa = PBXFileReference; lastKnownFileType = sourcecode.c.objc; path = CHURPTests.m; sourceTree = "<group>"; };
/* End PBXFileReference section */

/* Begin PBXFrameworksBuildPhase section */
		C2BE582B18D7B53B003E0273 /* Frameworks */ = {
			isa = PBXFrameworksBuildPhase;
			buildActionMask = 2147483647;
			files = (
				C2BE583418D7B53B003E0273 /* CoreGraphics.framework in Frameworks */,
				C2BE583618D7B53B003E0273 /* UIKit.framework in Frameworks */,
				C2BE583218D7B53B003E0273 /* Foundation.framework in Frameworks */,
			);
			runOnlyForDeploymentPostprocessing = 0;
		};
		C2BE585218D7B53B003E0273 /* Frameworks */ = {
			isa = PBXFrameworksBuildPhase;
			buildActionMask = 2147483647;
			files = (
				C2BE585718D7B53B003E0273 /* XCTest.framework in Frameworks */,
				C2BE585918D7B53B003E0273 /* UIKit.framework in Frameworks */,
				C2BE585818D7B53B003E0273 /* Foundation.framework in Frameworks */,
			);
			runOnlyForDeploymentPostprocessing = 0;
		};
/* End PBXFrameworksBuildPhase section */

/* Begin PBXGroup section */
		C2BE582518D7B53B003E0273 = {
			isa = PBXGroup;
			children = (
				C2BE583718D7B53B003E0273 /* CHURP */,
				C2BE585C18D7B53B003E0273 /* CHURPTests */,
				C2BE583018D7B53B003E0273 /* Frameworks */,
				C2BE582F18D7B53B003E0273 /* Products */,
			);
			sourceTree = "<group>";
		};
		C2BE582F18D7B53B003E0273 /* Products */ = {
			isa = PBXGroup;
			children = (
				C2BE582E18D7B53B003E0273 /* CHURP.app */,
				C2BE585518D7B53B003E0273 /* CHURPTests.xctest */,
			);
			name = Products;
			sourceTree = "<group>";
		};
		C2BE583018D7B53B003E0273 /* Frameworks */ = {
			isa = PBXGroup;
			children = (
				C2BE583118D7B53B003E0273 /* Foundation.framework */,
				C2BE583318D7B53B003E0273 /* CoreGraphics.framework */,
				C2BE583518D7B53B003E0273 /* UIKit.framework */,
				C2BE585618D7B53B003E0273 /* XCTest.framework */,
			);
			name = Frameworks;
			sourceTree = "<group>";
		};
		C2BE583718D7B53B003E0273 /* CHURP */ = {
			isa = PBXGroup;
			children = (
				C2BE584018D7B53B003E0273 /* AppDelegate.h */,
				C2BE584118D7B53B003E0273 /* AppDelegate.m */,
				C2BE584318D7B53B003E0273 /* Main_iPhone.storyboard */,
				C2BE584618D7B53B003E0273 /* Main_iPad.storyboard */,
				C2BE584918D7B53B003E0273 /* FirstViewController.h */,
				C2BE584A18D7B53B003E0273 /* FirstViewController.m */,
				C2BE584C18D7B53B003E0273 /* SecondViewController.h */,
				C2BE584D18D7B53B003E0273 /* SecondViewController.m */,
				C2BE584F18D7B53B003E0273 /* Images.xcassets */,
				C2BE583818D7B53B003E0273 /* Supporting Files */,
			);
			path = CHURP;
			sourceTree = "<group>";
		};
		C2BE583818D7B53B003E0273 /* Supporting Files */ = {
			isa = PBXGroup;
			children = (
				C2BE583918D7B53B003E0273 /* CHURP-Info.plist */,
				C2BE583A18D7B53B003E0273 /* InfoPlist.strings */,
				C2BE583D18D7B53B003E0273 /* main.m */,
				C2BE583F18D7B53B003E0273 /* CHURP-Prefix.pch */,
			);
			name = "Supporting Files";
			sourceTree = "<group>";
		};
		C2BE585C18D7B53B003E0273 /* CHURPTests */ = {
			isa = PBXGroup;
			children = (
				C2BE586218D7B53B003E0273 /* CHURPTests.m */,
				C2BE585D18D7B53B003E0273 /* Supporting Files */,
			);
			path = CHURPTests;
			sourceTree = "<group>";
		};
		C2BE585D18D7B53B003E0273 /* Supporting Files */ = {
			isa = PBXGroup;
			children = (
				C2BE585E18D7B53B003E0273 /* CHURPTests-Info.plist */,
				C2BE585F18D7B53B003E0273 /* InfoPlist.strings */,
			);
			name = "Supporting Files";
			sourceTree = "<group>";
		};
/* End PBXGroup section */

/* Begin PBXNativeTarget section */
		C2BE582D18D7B53B003E0273 /* CHURP */ = {
			isa = PBXNativeTarget;
			buildConfigurationList = C2BE586618D7B53B003E0273 /* Build configuration list for PBXNativeTarget "CHURP" */;
			buildPhases = (
				C2BE582A18D7B53B003E0273 /* Sources */,
				C2BE582B18D7B53B003E0273 /* Frameworks */,
				C2BE582C18D7B53B003E0273 /* Resources */,
			);
			buildRules = (
			);
			dependencies = (
			);
			name = CHURP;
			productName = CHURP;
			productReference = C2BE582E18D7B53B003E0273 /* CHURP.app */;
			productType = "com.apple.product-type.application";
		};
		C2BE585418D7B53B003E0273 /* CHURPTests */ = {
			isa = PBXNativeTarget;
			buildConfigurationList = C2BE586918D7B53B003E0273 /* Build configuration list for PBXNativeTarget "CHURPTests" */;
			buildPhases = (
				C2BE585118D7B53B003E0273 /* Sources */,
				C2BE585218D7B53B003E0273 /* Frameworks */,
				C2BE585318D7B53B003E0273 /* Resources */,
			);
			buildRules = (
			);
			dependencies = (
				C2BE585B18D7B53B003E0273 /* PBXTargetDependency */,
			);
			name = CHURPTests;
			productName = CHURPTests;
			productReference = C2BE585518D7B53B003E0273 /* CHURPTests.xctest */;
			productType = "com.apple.product-type.bundle.unit-test";
		};
/* End PBXNativeTarget section */

/* Begin PBXProject section */
		C2BE582618D7B53B003E0273 /* Project object */ = {
			isa = PBXProject;
			attributes = {
				LastUpgradeCheck = 0510;
				ORGANIZATIONNAME = "Whitworth University Software Engineering";
				TargetAttributes = {
					C2BE585418D7B53B003E0273 = {
						TestTargetID = C2BE582D18D7B53B003E0273;
					};
				};
			};
			buildConfigurationList = C2BE582918D7B53B003E0273 /* Build configuration list for PBXProject "CHURP" */;
			compatibilityVersion = "Xcode 3.2";
			developmentRegion = English;
			hasScannedForEncodings = 0;
			knownRegions = (
				en,
				Base,
			);
			mainGroup = C2BE582518D7B53B003E0273;
			productRefGroup = C2BE582F18D7B53B003E0273 /* Products */;
			projectDirPath = "";
			projectRoot = "";
			targets = (
				C2BE582D18D7B53B003E0273 /* CHURP */,
				C2BE585418D7B53B003E0273 /* CHURPTests */,
			);
		};
/* End PBXProject section */

/* Begin PBXResourcesBuildPhase section */
		C2BE582C18D7B53B003E0273 /* Resources */ = {
			isa = PBXResourcesBuildPhase;
			buildActionMask = 2147483647;
			files = (
				C2BE584818D7B53B003E0273 /* Main_iPad.storyboard in Resources */,
				C2BE585018D7B53B003E0273 /* Images.xcassets in Resources */,
				C2BE584518D7B53B003E0273 /* Main_iPhone.storyboard in Resources */,
				C2BE583C18D7B53B003E0273 /* InfoPlist.strings in Resources */,
			);
			runOnlyForDeploymentPostprocessing = 0;
		};
		C2BE585318D7B53B003E0273 /* Resources */ = {
			isa = PBXResourcesBuildPhase;
			buildActionMask = 2147483647;
			files = (
				C2BE586118D7B53B003E0273 /* InfoPlist.strings in Resources */,
			);
			runOnlyForDeploymentPostprocessing = 0;
		};
/* End PBXResourcesBuildPhase section */

/* Begin PBXSourcesBuildPhase section */
		C2BE582A18D7B53B003E0273 /* Sources */ = {
			isa = PBXSourcesBuildPhase;
			buildActionMask = 2147483647;
			files = (
				C2BE584E18D7B53B003E0273 /* SecondViewController.m in Sources */,
				C2BE584218D7B53B003E0273 /* AppDelegate.m in Sources */,
				C2BE584B18D7B53B003E0273 /* FirstViewController.m in Sources */,
				C2BE583E18D7B53B003E0273 /* main.m in Sources */,
			);
			runOnlyForDeploymentPostprocessing = 0;
		};
		C2BE585118D7B53B003E0273 /* Sources */ = {
			isa = PBXSourcesBuildPhase;
			buildActionMask = 2147483647;
			files = (
				C2BE586318D7B53B003E0273 /* CHURPTests.m in Sources */,
			);
			runOnlyForDeploymentPostprocessing = 0;
		};
/* End PBXSourcesBuildPhase section */

/* Begin PBXTargetDependency section */
		C2BE585B18D7B53B003E0273 /* PBXTargetDependency */ = {
			isa = PBXTargetDependency;
			target = C2BE582D18D7B53B003E0273 /* CHURP */;
			targetProxy = C2BE585A18D7B53B003E0273 /* PBXContainerItemProxy */;
		};
/* End PBXTargetDependency section */

/* Begin PBXVariantGroup section */
		C2BE583A18D7B53B003E0273 /* InfoPlist.strings */ = {
			isa = PBXVariantGroup;
			children = (
				C2BE583B18D7B53B003E0273 /* en */,
			);
			name = InfoPlist.strings;
			sourceTree = "<group>";
		};
		C2BE584318D7B53B003E0273 /* Main_iPhone.storyboard */ = {
			isa = PBXVariantGroup;
			children = (
				C2BE584418D7B53B003E0273 /* Base */,
			);
			name = Main_iPhone.storyboard;
			sourceTree = "<group>";
		};
		C2BE584618D7B53B003E0273 /* Main_iPad.storyboard */ = {
			isa = PBXVariantGroup;
			children = (
				C2BE584718D7B53B003E0273 /* Base */,
			);
			name = Main_iPad.storyboard;
			sourceTree = "<group>";
		};
		C2BE585F18D7B53B003E0273 /* InfoPlist.strings */ = {
			isa = PBXVariantGroup;
			children = (
				C2BE586018D7B53B003E0273 /* en */,
			);
			name = InfoPlist.strings;
			sourceTree = "<group>";
		};
/* End PBXVariantGroup section */

/* Begin XCBuildConfiguration section */
		C2BE586418D7B53B003E0273 /* Debug */ = {
			isa = XCBuildConfiguration;
			buildSettings = {
				ALWAYS_SEARCH_USER_PATHS = NO;
				CLANG_CXX_LANGUAGE_STANDARD = "gnu++0x";
				CLANG_CXX_LIBRARY = "libc++";
				CLANG_ENABLE_MODULES = YES;
				CLANG_ENABLE_OBJC_ARC = YES;
				CLANG_WARN_BOOL_CONVERSION = YES;
				CLANG_WARN_CONSTANT_CONVERSION = YES;
				CLANG_WARN_DIRECT_OBJC_ISA_USAGE = YES_ERROR;
				CLANG_WARN_EMPTY_BODY = YES;
				CLANG_WARN_ENUM_CONVERSION = YES;
				CLANG_WARN_INT_CONVERSION = YES;
				CLANG_WARN_OBJC_ROOT_CLASS = YES_ERROR;
				CLANG_WARN__DUPLICATE_METHOD_MATCH = YES;
				"CODE_SIGN_IDENTITY[sdk=iphoneos*]" = "iPhone Developer";
				COPY_PHASE_STRIP = NO;
				GCC_C_LANGUAGE_STANDARD = gnu99;
				GCC_DYNAMIC_NO_PIC = NO;
				GCC_OPTIMIZATION_LEVEL = 0;
				GCC_PREPROCESSOR_DEFINITIONS = (
					"DEBUG=1",
					"$(inherited)",
				);
				GCC_SYMBOLS_PRIVATE_EXTERN = NO;
				GCC_WARN_64_TO_32_BIT_CONVERSION = YES;
				GCC_WARN_ABOUT_RETURN_TYPE = YES_ERROR;
				GCC_WARN_UNDECLARED_SELECTOR = YES;
				GCC_WARN_UNINITIALIZED_AUTOS = YES_AGGRESSIVE;
				GCC_WARN_UNUSED_FUNCTION = YES;
				GCC_WARN_UNUSED_VARIABLE = YES;
				IPHONEOS_DEPLOYMENT_TARGET = 7.1;
				ONLY_ACTIVE_ARCH = YES;
				SDKROOT = iphoneos;
				TARGETED_DEVICE_FAMILY = "1,2";
			};
			name = Debug;
		};
		C2BE586518D7B53B003E0273 /* Release */ = {
			isa = XCBuildConfiguration;
			buildSettings = {
				ALWAYS_SEARCH_USER_PATHS = NO;
				CLANG_CXX_LANGUAGE_STANDARD = "gnu++0x";
				CLANG_CXX_LIBRARY = "libc++";
				CLANG_ENABLE_MODULES = YES;
				CLANG_ENABLE_OBJC_ARC = YES;
				CLANG_WARN_BOOL_CONVERSION = YES;
				CLANG_WARN_CONSTANT_CONVERSION = YES;
				CLANG_WARN_DIRECT_OBJC_ISA_USAGE = YES_ERROR;
				CLANG_WARN_EMPTY_BODY = YES;
				CLANG_WARN_ENUM_CONVERSION = YES;
				CLANG_WARN_INT_CONVERSION = YES;
				CLANG_WARN_OBJC_ROOT_CLASS = YES_ERROR;
				CLANG_WARN__DUPLICATE_METHOD_MATCH = YES;
				"CODE_SIGN_IDENTITY[sdk=iphoneos*]" = "iPhone Developer";
				COPY_PHASE_STRIP = YES;
				ENABLE_NS_ASSERTIONS = NO;
				GCC_C_LANGUAGE_STANDARD = gnu99;
				GCC_WARN_64_TO_32_BIT_CONVERSION = YES;
				GCC_WARN_ABOUT_RETURN_TYPE = YES_ERROR;
				GCC_WARN_UNDECLARED_SELECTOR = YES;
				GCC_WARN_UNINITIALIZED_AUTOS = YES_AGGRESSIVE;
				GCC_WARN_UNUSED_FUNCTION = YES;
				GCC_WARN_UNUSED_VARIABLE = YES;
				IPHONEOS_DEPLOYMENT_TARGET = 7.1;
				SDKROOT = iphoneos;
				TARGETED_DEVICE_FAMILY = "1,2";
				VALIDATE_PRODUCT = YES;
			};
			name = Release;
		};
		C2BE586718D7B53B003E0273 /* Debug */ = {
			isa = XCBuildConfiguration;
			buildSettings = {
				ASSETCATALOG_COMPILER_APPICON_NAME = AppIcon;
				ASSETCATALOG_COMPILER_LAUNCHIMAGE_NAME = LaunchImage;
				GCC_PRECOMPILE_PREFIX_HEADER = YES;
				GCC_PREFIX_HEADER = "CHURP/CHURP-Prefix.pch";
				INFOPLIST_FILE = "CHURP/CHURP-Info.plist";
				PRODUCT_NAME = "$(TARGET_NAME)";
				WRAPPER_EXTENSION = app;
			};
			name = Debug;
		};
		C2BE586818D7B53B003E0273 /* Release */ = {
			isa = XCBuildConfiguration;
			buildSettings = {
				ASSETCATALOG_COMPILER_APPICON_NAME = AppIcon;
				ASSETCATALOG_COMPILER_LAUNCHIMAGE_NAME = LaunchImage;
				GCC_PRECOMPILE_PREFIX_HEADER = YES;
				GCC_PREFIX_HEADER = "CHURP/CHURP-Prefix.pch";
				INFOPLIST_FILE = "CHURP/CHURP-Info.plist";
				PRODUCT_NAME = "$(TARGET_NAME)";
				WRAPPER_EXTENSION = app;
			};
			name = Release;
		};
		C2BE586A18D7B53B003E0273 /* Debug */ = {
			isa = XCBuildConfiguration;
			buildSettings = {
				BUNDLE_LOADER = "$(BUILT_PRODUCTS_DIR)/CHURP.app/CHURP";
				FRAMEWORK_SEARCH_PATHS = (
					"$(SDKROOT)/Developer/Library/Frameworks",
					"$(inherited)",
					"$(DEVELOPER_FRAMEWORKS_DIR)",
				);
				GCC_PRECOMPILE_PREFIX_HEADER = YES;
				GCC_PREFIX_HEADER = "CHURP/CHURP-Prefix.pch";
				GCC_PREPROCESSOR_DEFINITIONS = (
					"DEBUG=1",
					"$(inherited)",
				);
				INFOPLIST_FILE = "CHURPTests/CHURPTests-Info.plist";
				PRODUCT_NAME = "$(TARGET_NAME)";
				TEST_HOST = "$(BUNDLE_LOADER)";
				WRAPPER_EXTENSION = xctest;
			};
			name = Debug;
		};
		C2BE586B18D7B53B003E0273 /* Release */ = {
			isa = XCBuildConfiguration;
			buildSettings = {
				BUNDLE_LOADER = "$(BUILT_PRODUCTS_DIR)/CHURP.app/CHURP";
				FRAMEWORK_SEARCH_PATHS = (
					"$(SDKROOT)/Developer/Library/Frameworks",
					"$(inherited)",
					"$(DEVELOPER_FRAMEWORKS_DIR)",
				);
				GCC_PRECOMPILE_PREFIX_HEADER = YES;
				GCC_PREFIX_HEADER = "CHURP/CHURP-Prefix.pch";
				INFOPLIST_FILE = "CHURPTests/CHURPTests-Info.plist";
				PRODUCT_NAME = "$(TARGET_NAME)";
				TEST_HOST = "$(BUNDLE_LOADER)";
				WRAPPER_EXTENSION = xctest;
			};
			name = Release;
		};
/* End XCBuildConfiguration section */

/* Begin XCConfigurationList section */
		C2BE582918D7B53B003E0273 /* Build configuration list for PBXProject "CHURP" */ = {
			isa = XCConfigurationList;
			buildConfigurations = (
				C2BE586418D7B53B003E0273 /* Debug */,
				C2BE586518D7B53B003E0273 /* Release */,
			);
			defaultConfigurationIsVisible = 0;
			defaultConfigurationName = Release;
		};
		C2BE586618D7B53B003E0273 /* Build configuration list for PBXNativeTarget "CHURP" */ = {
			isa = XCConfigurationList;
			buildConfigurations = (
				C2BE586718D7B53B003E0273 /* Debug */,
				C2BE586818D7B53B003E0273 /* Release */,
			);
			defaultConfigurationIsVisible = 0;
		};
		C2BE586918D7B53B003E0273 /* Build configuration list for PBXNativeTarget "CHURPTests" */ = {
			isa = XCConfigurationList;
			buildConfigurations = (
				C2BE586A18D7B53B003E0273 /* Debug */,
				C2BE586B18D7B53B003E0273 /* Release */,
			);
			defaultConfigurationIsVisible = 0;
		};
/* End XCConfigurationList section */
	};
	rootObject = C2BE582618D7B53B003E0273 /* Project object */;
}
